
Microsoft Visual Studio Solution File, Format Version 12.00
# Visual Studio Version 16
VisualStudioVersion = 16.0.30804.86
MinimumVisualStudioVersion = 10.0.40219.1
Project("{9A19103F-16F7-4668-BE54-9A1E7A4F7556}") = "BuildingBlocks", "..\..\..\Desktop\Khanbala_Rashidov\BuildingBlocks\BuildingBlocks.csproj", "{87C92AE9-171E-477A-9A4F-64CEDDAE93FE}"
EndProject
Project("{FAE04EC0-301F-11D3-BF4B-00C04F79EFBC}") = "OOP", "OOP\OOP.csproj", "{D3C5E6FA-94D1-464B-A3D7-6426A8D2006F}"
EndProject
Global
	GlobalSection(SolutionConfigurationPlatforms) = preSolution
		Debug|Any CPU = Debug|Any CPU
		Release|Any CPU = Release|Any CPU
	EndGlobalSection
	GlobalSection(ProjectConfigurationPlatforms) = postSolution
		{87C92AE9-171E-477A-9A4F-64CEDDAE93FE}.Debug|Any CPU.ActiveCfg = Debug|Any CPU
		{87C92AE9-171E-477A-9A4F-64CEDDAE93FE}.Debug|Any CPU.Build.0 = Debug|Any CPU
		{87C92AE9-171E-477A-9A4F-64CEDDAE93FE}.Release|Any CPU.ActiveCfg = Release|Any CPU
		{87C92AE9-171E-477A-9A4F-64CEDDAE93FE}.Release|Any CPU.Build.0 = Release|Any CPU
		{D3C5E6FA-94D1-464B-A3D7-6426A8D2006F}.Debug|Any CPU.ActiveCfg = Debug|Any CPU
		{D3C5E6FA-94D1-464B-A3D7-6426A8D2006F}.Debug|Any CPU.Build.0 = Debug|Any CPU
		{D3C5E6FA-94D1-464B-A3D7-6426A8D2006F}.Release|Any CPU.ActiveCfg = Release|Any CPU
		{D3C5E6FA-94D1-464B-A3D7-6426A8D2006F}.Release|Any CPU.Build.0 = Release|Any CPU
	EndGlobalSection
	GlobalSection(SolutionProperties) = preSolution
		HideSolutionNode = FALSE
	EndGlobalSection
	GlobalSection(ExtensibilityGlobals) = postSolution
		SolutionGuid = {801333AC-15FA-45EC-85C8-4DBC6959CEB7}
	EndGlobalSection
EndGlobal
