
Microsoft Visual Studio Solution File, Format Version 12.00
# Visual Studio Version 16
VisualStudioVersion = 16.0.30711.63
MinimumVisualStudioVersion = 10.0.40219.1
Project("{9A19103F-16F7-4668-BE54-9A1E7A4F7556}") = "BegginingOfWork", "BegginingOfWork\BegginingOfWork.csproj", "{8DB91AF1-E701-4BC8-A127-08E03A7EAA48}"
EndProject
Project("{9A19103F-16F7-4668-BE54-9A1E7A4F7556}") = "Variables", "Variables\Variables.csproj", "{320B0B42-D077-4AEF-A615-10BA8BF26D56}"
EndProject
Project("{9A19103F-16F7-4668-BE54-9A1E7A4F7556}") = "DataTypes", "DataTypes\DataTypes.csproj", "{BCC9D824-8DEF-4B50-B72D-346728E631B6}"
EndProject
Project("{9A19103F-16F7-4668-BE54-9A1E7A4F7556}") = "Literals", "Literals\Literals.csproj", "{F9B11ED5-65C1-42D8-A116-253C1270E0FA}"
EndProject
Project("{9A19103F-16F7-4668-BE54-9A1E7A4F7556}") = "Console_Input_Output", "Console_Input_Output\Console_Input_Output.csproj", "{DC764090-8E53-4DDB-9B11-1D637AAC4B55}"
EndProject
Project("{9A19103F-16F7-4668-BE54-9A1E7A4F7556}") = "Arithmetic_Operators", "Arithmetic_Operators\Arithmetic_Operators.csproj", "{B1AE0237-2285-411A-BFD5-29EAA5C84901}"
EndProject
Project("{9A19103F-16F7-4668-BE54-9A1E7A4F7556}") = "Bitwise_Operators", "Bitwise_Operators\Bitwise_Operators.csproj", "{0819263D-13D5-4C67-BE19-04B18D2B3271}"
EndProject
Project("{9A19103F-16F7-4668-BE54-9A1E7A4F7556}") = "Assignment_Operators", "Assignment_Operators\Assignment_Operators.csproj", "{27BA9D5F-485D-4C51-89D5-B3C092C3B36F}"
EndProject
Project("{9A19103F-16F7-4668-BE54-9A1E7A4F7556}") = "Basic_DataType_Conversions", "Basic_DataType_Conversions\Basic_DataType_Conversions.csproj", "{F0EB937E-964B-48F3-9E3F-15CDF218C55C}"
EndProject
Project("{9A19103F-16F7-4668-BE54-9A1E7A4F7556}") = "RecordTypes", "RecordTypes\RecordTypes.csproj", "{4303487B-BB7F-4DC5-94AA-E8A6D8EC903A}"
EndProject
Project("{9A19103F-16F7-4668-BE54-9A1E7A4F7556}") = "TopLevelStatements", "TopLevelStatements\TopLevelStatements.csproj", "{AF8A788C-45E8-4533-B81A-EF2797314F2A}"
EndProject
Project("{9A19103F-16F7-4668-BE54-9A1E7A4F7556}") = "PatternsInObject", "PatternsInObject\PatternsInObject.csproj", "{C044C78A-8EC2-4CEC-B0B2-DAA0799653B9}"
EndProject
Project("{9A19103F-16F7-4668-BE54-9A1E7A4F7556}") = "Object-Oriented_Programming", "Object-Oriented_Programming\Object-Oriented_Programming.csproj", "{641927BF-AE93-4CA5-9F80-1A796D0BCA24}"
EndProject
Project("{9A19103F-16F7-4668-BE54-9A1E7A4F7556}") = "Interpolation", "Interpolation\Interpolation.csproj", "{B2E09273-EFE3-4604-BD6A-F0E9900517F5}"
EndProject
Project("{9A19103F-16F7-4668-BE54-9A1E7A4F7556}") = "HomeWork2", "HomeWork2\HomeWork2.csproj", "{0C14A501-76C2-44E0-9CD7-EA0504AF65F6}"
EndProject
Project("{9A19103F-16F7-4668-BE54-9A1E7A4F7556}") = "RandomClass", "RandomClass\RandomClass.csproj", "{4B5DB2C7-846C-46FE-96A0-88621E071542}"
EndProject
Project("{9A19103F-16F7-4668-BE54-9A1E7A4F7556}") = "if_else_if", "Condition\if_else_if.csproj", "{386B7924-EEEF-4AB0-AFC0-F3F5560BF30A}"
EndProject
Project("{2150E333-8FDC-42A3-9474-1A3956D46DE8}") = "condution", "condution", "{21A47690-E020-4CBE-874D-899514B93831}"
EndProject
Project("{9A19103F-16F7-4668-BE54-9A1E7A4F7556}") = "Ternary_Operator", "Ternary_Operator\Ternary_Operator.csproj", "{C39B3FBD-E594-4264-ACE6-C07BFBB69419}"
EndProject
Project("{9A19103F-16F7-4668-BE54-9A1E7A4F7556}") = "Switch", "Switch\Switch.csproj", "{0F113018-2968-49B6-B11F-80B3ECE0F874}"
EndProject
Project("{2150E333-8FDC-42A3-9474-1A3956D46DE8}") = "loop", "loop", "{89D41EBD-6D55-4F51-BEFF-145DA61B11C0}"
EndProject
Project("{9A19103F-16F7-4668-BE54-9A1E7A4F7556}") = "Loop_For", "Loop_For\Loop_For.csproj", "{6A0BA798-5F47-4556-B2A2-548BAF08E44A}"
EndProject
Project("{9A19103F-16F7-4668-BE54-9A1E7A4F7556}") = "Loop_While", "Loop_While\Loop_While.csproj", "{864218AC-C5F4-4514-BE2E-B38714F7F1FD}"
EndProject
Project("{9A19103F-16F7-4668-BE54-9A1E7A4F7556}") = "Loop_do", "Loop_do\Loop_do.csproj", "{1794A3CE-A6C2-4B6B-9E83-F4ACCE676726}"
EndProject
Project("{9A19103F-16F7-4668-BE54-9A1E7A4F7556}") = "Example_Loop", "Example_Loop\Example_Loop.csproj", "{F3AC34BE-CFD4-4579-81F0-56236E9EA493}"
EndProject
Project("{2150E333-8FDC-42A3-9474-1A3956D46DE8}") = "array", "array", "{C2E1537F-753F-4D3D-825D-B3B1E86EC15B}"
EndProject
Project("{9A19103F-16F7-4668-BE54-9A1E7A4F7556}") = "Lesson_array", "Lesson_array\Lesson_array.csproj", "{6E9A7E6E-16DF-44B3-82D1-03B573055458}"
EndProject
Project("{9A19103F-16F7-4668-BE54-9A1E7A4F7556}") = "Array_Example", "Array_Example\Array_Example.csproj", "{40CBBE4F-9F00-4C28-9790-F40C50629B1E}"
EndProject
Project("{9A19103F-16F7-4668-BE54-9A1E7A4F7556}") = "Array_Method", "Array_Method\Array_Method.csproj", "{E704AE4B-8F1A-451D-9623-B981B2695B7B}"
EndProject
Project("{9A19103F-16F7-4668-BE54-9A1E7A4F7556}") = "Break_and_continue", "Break_and_continue\Break_and_continue.csproj", "{F2C259D8-AB06-41A0-A81D-3B37E619439E}"
EndProject
Project("{9A19103F-16F7-4668-BE54-9A1E7A4F7556}") = "Multidimensional_Arrays", "Multidimensional_Arrays\Multidimensional_Arrays.csproj", "{F6CF85E8-6C8F-46B7-BEC4-FEF8BDE3E100}"
EndProject
Project("{9A19103F-16F7-4668-BE54-9A1E7A4F7556}") = "Array2D_Example", "Array2D_Example\Array2D_Example.csproj", "{AB67BE05-D9D3-4AFB-B0F6-E1E42E6845BD}"
EndProject
Project("{9A19103F-16F7-4668-BE54-9A1E7A4F7556}") = "Array3D_Example", "Array3D_Example\Array3D_Example.csproj", "{DE7CA471-6902-4F93-A509-B7BAC1BABCA7}"
EndProject
Project("{9A19103F-16F7-4668-BE54-9A1E7A4F7556}") = "JaggedArray", "JaggedArray\JaggedArray.csproj", "{277A9E55-94DF-40D6-9BBF-5AC724E30288}"
EndProject
Project("{9A19103F-16F7-4668-BE54-9A1E7A4F7556}") = "JaggedArray_example", "JaggedArray_example\JaggedArray_example.csproj", "{842AB3AA-FAD1-45B5-9678-65EFB6065663}"
EndProject
Project("{9A19103F-16F7-4668-BE54-9A1E7A4F7556}") = "Loop_Foreach", "Loop_Foreach\Loop_Foreach.csproj", "{FF60B0F7-55A3-4A17-9AB0-3C2D4254D759}"
EndProject
Project("{2150E333-8FDC-42A3-9474-1A3956D46DE8}") = "method", "method", "{6BD7B28D-F608-41B9-9181-D075371A03AE}"
EndProject
Project("{9A19103F-16F7-4668-BE54-9A1E7A4F7556}") = "Methods", "Methods\Methods.csproj", "{340B2DED-BE27-4BB2-908E-7FD567059A01}"
EndProject
Project("{9A19103F-16F7-4668-BE54-9A1E7A4F7556}") = "Method_Example", "Method_Example\Method_Example.csproj", "{8F225136-1C56-4E0F-A0F9-2F07B1E98F7D}"
EndProject
Project("{FAE04EC0-301F-11D3-BF4B-00C04F79EFBC}") = "Method_returnType", "Method_returnType\Method_returnType.csproj", "{E1B455E4-9E82-4839-B4EA-4A77CE49B4DC}"
EndProject
Project("{FAE04EC0-301F-11D3-BF4B-00C04F79EFBC}") = "Method_returnType_Example", "Method_returnType_Example\Method_returnType_Example.csproj", "{4D5B3E91-2F67-43D4-A2F7-1CAB6E29D084}"
EndProject
Project("{FAE04EC0-301F-11D3-BF4B-00C04F79EFBC}") = "Method_Overloading", "Method_Overloading\Method_Overloading.csproj", "{D00A1590-F79D-4533-AB90-F80EF5C4A5C5}"
EndProject
Project("{FAE04EC0-301F-11D3-BF4B-00C04F79EFBC}") = "Method_Overloading_Example", "Method_Overloading_Example\Method_Overloading_Example.csproj", "{018AC46D-8E66-45BF-BB47-4F4C7ADFF7FD}"
EndProject
Project("{FAE04EC0-301F-11D3-BF4B-00C04F79EFBC}") = "Method_Paramater_params", "Method_Paramater_params\Method_Paramater_params.csproj", "{650BBED8-2B29-47EC-B6F5-5A29DE22DC9C}"
EndProject
Project("{FAE04EC0-301F-11D3-BF4B-00C04F79EFBC}") = "Rekursive_Method", "Rekursive_Method\Rekursive_Method.csproj", "{7D063823-DE8D-47E1-BFA2-B1E2052D89CA}"
EndProject
Project("{FAE04EC0-301F-11D3-BF4B-00C04F79EFBC}") = "Rekursive_Method_Example", "Rekursive_Method_Example\Rekursive_Method_Example.csproj", "{356FA235-944A-402B-8847-DA452052FBDC}"
EndProject
Project("{2150E333-8FDC-42A3-9474-1A3956D46DE8}") = "file", "file", "{A4CAC554-7121-4E7E-B991-0AD296E409DB}"
EndProject
Project("{FAE04EC0-301F-11D3-BF4B-00C04F79EFBC}") = "Class_Math_Covert_DateTime", "Class_Math_Covert_DateTime\Class_Math_Covert_DateTime.csproj", "{7DBAEB02-73D0-41A5-8712-FEE0DE7133F9}"
EndProject
Project("{FAE04EC0-301F-11D3-BF4B-00C04F79EFBC}") = "String_Method", "String_Method1\String_Method.csproj", "{2D661868-56E2-493D-9FCF-031225380290}"
EndProject
Project("{FAE04EC0-301F-11D3-BF4B-00C04F79EFBC}") = "Char_Method", "Char_Method\Char_Method.csproj", "{A48DC0CF-35A2-4F4D-B415-01386CC73F54}"
EndProject
Global
	GlobalSection(SolutionConfigurationPlatforms) = preSolution
		Debug|Any CPU = Debug|Any CPU
		Release|Any CPU = Release|Any CPU
	EndGlobalSection
	GlobalSection(ProjectConfigurationPlatforms) = postSolution
		{8DB91AF1-E701-4BC8-A127-08E03A7EAA48}.Debug|Any CPU.ActiveCfg = Debug|Any CPU
		{8DB91AF1-E701-4BC8-A127-08E03A7EAA48}.Debug|Any CPU.Build.0 = Debug|Any CPU
		{8DB91AF1-E701-4BC8-A127-08E03A7EAA48}.Release|Any CPU.ActiveCfg = Release|Any CPU
		{8DB91AF1-E701-4BC8-A127-08E03A7EAA48}.Release|Any CPU.Build.0 = Release|Any CPU
		{320B0B42-D077-4AEF-A615-10BA8BF26D56}.Debug|Any CPU.ActiveCfg = Debug|Any CPU
		{320B0B42-D077-4AEF-A615-10BA8BF26D56}.Debug|Any CPU.Build.0 = Debug|Any CPU
		{320B0B42-D077-4AEF-A615-10BA8BF26D56}.Release|Any CPU.ActiveCfg = Release|Any CPU
		{320B0B42-D077-4AEF-A615-10BA8BF26D56}.Release|Any CPU.Build.0 = Release|Any CPU
		{BCC9D824-8DEF-4B50-B72D-346728E631B6}.Debug|Any CPU.ActiveCfg = Debug|Any CPU
		{BCC9D824-8DEF-4B50-B72D-346728E631B6}.Debug|Any CPU.Build.0 = Debug|Any CPU
		{BCC9D824-8DEF-4B50-B72D-346728E631B6}.Release|Any CPU.ActiveCfg = Release|Any CPU
		{BCC9D824-8DEF-4B50-B72D-346728E631B6}.Release|Any CPU.Build.0 = Release|Any CPU
		{F9B11ED5-65C1-42D8-A116-253C1270E0FA}.Debug|Any CPU.ActiveCfg = Debug|Any CPU
		{F9B11ED5-65C1-42D8-A116-253C1270E0FA}.Debug|Any CPU.Build.0 = Debug|Any CPU
		{F9B11ED5-65C1-42D8-A116-253C1270E0FA}.Release|Any CPU.ActiveCfg = Release|Any CPU
		{F9B11ED5-65C1-42D8-A116-253C1270E0FA}.Release|Any CPU.Build.0 = Release|Any CPU
		{DC764090-8E53-4DDB-9B11-1D637AAC4B55}.Debug|Any CPU.ActiveCfg = Debug|Any CPU
		{DC764090-8E53-4DDB-9B11-1D637AAC4B55}.Debug|Any CPU.Build.0 = Debug|Any CPU
		{DC764090-8E53-4DDB-9B11-1D637AAC4B55}.Release|Any CPU.ActiveCfg = Release|Any CPU
		{DC764090-8E53-4DDB-9B11-1D637AAC4B55}.Release|Any CPU.Build.0 = Release|Any CPU
		{B1AE0237-2285-411A-BFD5-29EAA5C84901}.Debug|Any CPU.ActiveCfg = Debug|Any CPU
		{B1AE0237-2285-411A-BFD5-29EAA5C84901}.Debug|Any CPU.Build.0 = Debug|Any CPU
		{B1AE0237-2285-411A-BFD5-29EAA5C84901}.Release|Any CPU.ActiveCfg = Release|Any CPU
		{B1AE0237-2285-411A-BFD5-29EAA5C84901}.Release|Any CPU.Build.0 = Release|Any CPU
		{0819263D-13D5-4C67-BE19-04B18D2B3271}.Debug|Any CPU.ActiveCfg = Debug|Any CPU
		{0819263D-13D5-4C67-BE19-04B18D2B3271}.Debug|Any CPU.Build.0 = Debug|Any CPU
		{0819263D-13D5-4C67-BE19-04B18D2B3271}.Release|Any CPU.ActiveCfg = Release|Any CPU
		{0819263D-13D5-4C67-BE19-04B18D2B3271}.Release|Any CPU.Build.0 = Release|Any CPU
		{27BA9D5F-485D-4C51-89D5-B3C092C3B36F}.Debug|Any CPU.ActiveCfg = Debug|Any CPU
		{27BA9D5F-485D-4C51-89D5-B3C092C3B36F}.Debug|Any CPU.Build.0 = Debug|Any CPU
		{27BA9D5F-485D-4C51-89D5-B3C092C3B36F}.Release|Any CPU.ActiveCfg = Release|Any CPU
		{27BA9D5F-485D-4C51-89D5-B3C092C3B36F}.Release|Any CPU.Build.0 = Release|Any CPU
		{F0EB937E-964B-48F3-9E3F-15CDF218C55C}.Debug|Any CPU.ActiveCfg = Debug|Any CPU
		{F0EB937E-964B-48F3-9E3F-15CDF218C55C}.Debug|Any CPU.Build.0 = Debug|Any CPU
		{F0EB937E-964B-48F3-9E3F-15CDF218C55C}.Release|Any CPU.ActiveCfg = Release|Any CPU
		{F0EB937E-964B-48F3-9E3F-15CDF218C55C}.Release|Any CPU.Build.0 = Release|Any CPU
		{4303487B-BB7F-4DC5-94AA-E8A6D8EC903A}.Debug|Any CPU.ActiveCfg = Debug|Any CPU
		{4303487B-BB7F-4DC5-94AA-E8A6D8EC903A}.Debug|Any CPU.Build.0 = Debug|Any CPU
		{4303487B-BB7F-4DC5-94AA-E8A6D8EC903A}.Release|Any CPU.ActiveCfg = Release|Any CPU
		{4303487B-BB7F-4DC5-94AA-E8A6D8EC903A}.Release|Any CPU.Build.0 = Release|Any CPU
		{AF8A788C-45E8-4533-B81A-EF2797314F2A}.Debug|Any CPU.ActiveCfg = Debug|Any CPU
		{AF8A788C-45E8-4533-B81A-EF2797314F2A}.Debug|Any CPU.Build.0 = Debug|Any CPU
		{AF8A788C-45E8-4533-B81A-EF2797314F2A}.Release|Any CPU.ActiveCfg = Release|Any CPU
		{AF8A788C-45E8-4533-B81A-EF2797314F2A}.Release|Any CPU.Build.0 = Release|Any CPU
		{C044C78A-8EC2-4CEC-B0B2-DAA0799653B9}.Debug|Any CPU.ActiveCfg = Debug|Any CPU
		{C044C78A-8EC2-4CEC-B0B2-DAA0799653B9}.Debug|Any CPU.Build.0 = Debug|Any CPU
		{C044C78A-8EC2-4CEC-B0B2-DAA0799653B9}.Release|Any CPU.ActiveCfg = Release|Any CPU
		{C044C78A-8EC2-4CEC-B0B2-DAA0799653B9}.Release|Any CPU.Build.0 = Release|Any CPU
		{641927BF-AE93-4CA5-9F80-1A796D0BCA24}.Debug|Any CPU.ActiveCfg = Debug|Any CPU
		{641927BF-AE93-4CA5-9F80-1A796D0BCA24}.Debug|Any CPU.Build.0 = Debug|Any CPU
		{641927BF-AE93-4CA5-9F80-1A796D0BCA24}.Release|Any CPU.ActiveCfg = Release|Any CPU
		{641927BF-AE93-4CA5-9F80-1A796D0BCA24}.Release|Any CPU.Build.0 = Release|Any CPU
		{B2E09273-EFE3-4604-BD6A-F0E9900517F5}.Debug|Any CPU.ActiveCfg = Debug|Any CPU
		{B2E09273-EFE3-4604-BD6A-F0E9900517F5}.Debug|Any CPU.Build.0 = Debug|Any CPU
		{B2E09273-EFE3-4604-BD6A-F0E9900517F5}.Release|Any CPU.ActiveCfg = Release|Any CPU
		{B2E09273-EFE3-4604-BD6A-F0E9900517F5}.Release|Any CPU.Build.0 = Release|Any CPU
		{0C14A501-76C2-44E0-9CD7-EA0504AF65F6}.Debug|Any CPU.ActiveCfg = Debug|Any CPU
		{0C14A501-76C2-44E0-9CD7-EA0504AF65F6}.Debug|Any CPU.Build.0 = Debug|Any CPU
		{0C14A501-76C2-44E0-9CD7-EA0504AF65F6}.Release|Any CPU.ActiveCfg = Release|Any CPU
		{0C14A501-76C2-44E0-9CD7-EA0504AF65F6}.Release|Any CPU.Build.0 = Release|Any CPU
		{4B5DB2C7-846C-46FE-96A0-88621E071542}.Debug|Any CPU.ActiveCfg = Debug|Any CPU
		{4B5DB2C7-846C-46FE-96A0-88621E071542}.Debug|Any CPU.Build.0 = Debug|Any CPU
		{4B5DB2C7-846C-46FE-96A0-88621E071542}.Release|Any CPU.ActiveCfg = Release|Any CPU
		{4B5DB2C7-846C-46FE-96A0-88621E071542}.Release|Any CPU.Build.0 = Release|Any CPU
		{386B7924-EEEF-4AB0-AFC0-F3F5560BF30A}.Debug|Any CPU.ActiveCfg = Debug|Any CPU
		{386B7924-EEEF-4AB0-AFC0-F3F5560BF30A}.Debug|Any CPU.Build.0 = Debug|Any CPU
		{386B7924-EEEF-4AB0-AFC0-F3F5560BF30A}.Release|Any CPU.ActiveCfg = Release|Any CPU
		{386B7924-EEEF-4AB0-AFC0-F3F5560BF30A}.Release|Any CPU.Build.0 = Release|Any CPU
		{C39B3FBD-E594-4264-ACE6-C07BFBB69419}.Debug|Any CPU.ActiveCfg = Debug|Any CPU
		{C39B3FBD-E594-4264-ACE6-C07BFBB69419}.Debug|Any CPU.Build.0 = Debug|Any CPU
		{C39B3FBD-E594-4264-ACE6-C07BFBB69419}.Release|Any CPU.ActiveCfg = Release|Any CPU
		{C39B3FBD-E594-4264-ACE6-C07BFBB69419}.Release|Any CPU.Build.0 = Release|Any CPU
		{0F113018-2968-49B6-B11F-80B3ECE0F874}.Debug|Any CPU.ActiveCfg = Debug|Any CPU
		{0F113018-2968-49B6-B11F-80B3ECE0F874}.Debug|Any CPU.Build.0 = Debug|Any CPU
		{0F113018-2968-49B6-B11F-80B3ECE0F874}.Release|Any CPU.ActiveCfg = Release|Any CPU
		{0F113018-2968-49B6-B11F-80B3ECE0F874}.Release|Any CPU.Build.0 = Release|Any CPU
		{6A0BA798-5F47-4556-B2A2-548BAF08E44A}.Debug|Any CPU.ActiveCfg = Debug|Any CPU
		{6A0BA798-5F47-4556-B2A2-548BAF08E44A}.Debug|Any CPU.Build.0 = Debug|Any CPU
		{6A0BA798-5F47-4556-B2A2-548BAF08E44A}.Release|Any CPU.ActiveCfg = Release|Any CPU
		{6A0BA798-5F47-4556-B2A2-548BAF08E44A}.Release|Any CPU.Build.0 = Release|Any CPU
		{864218AC-C5F4-4514-BE2E-B38714F7F1FD}.Debug|Any CPU.ActiveCfg = Debug|Any CPU
		{864218AC-C5F4-4514-BE2E-B38714F7F1FD}.Debug|Any CPU.Build.0 = Debug|Any CPU
		{864218AC-C5F4-4514-BE2E-B38714F7F1FD}.Release|Any CPU.ActiveCfg = Release|Any CPU
		{864218AC-C5F4-4514-BE2E-B38714F7F1FD}.Release|Any CPU.Build.0 = Release|Any CPU
		{1794A3CE-A6C2-4B6B-9E83-F4ACCE676726}.Debug|Any CPU.ActiveCfg = Debug|Any CPU
		{1794A3CE-A6C2-4B6B-9E83-F4ACCE676726}.Debug|Any CPU.Build.0 = Debug|Any CPU
		{1794A3CE-A6C2-4B6B-9E83-F4ACCE676726}.Release|Any CPU.ActiveCfg = Release|Any CPU
		{1794A3CE-A6C2-4B6B-9E83-F4ACCE676726}.Release|Any CPU.Build.0 = Release|Any CPU
		{F3AC34BE-CFD4-4579-81F0-56236E9EA493}.Debug|Any CPU.ActiveCfg = Debug|Any CPU
		{F3AC34BE-CFD4-4579-81F0-56236E9EA493}.Debug|Any CPU.Build.0 = Debug|Any CPU
		{F3AC34BE-CFD4-4579-81F0-56236E9EA493}.Release|Any CPU.ActiveCfg = Release|Any CPU
		{F3AC34BE-CFD4-4579-81F0-56236E9EA493}.Release|Any CPU.Build.0 = Release|Any CPU
		{6E9A7E6E-16DF-44B3-82D1-03B573055458}.Debug|Any CPU.ActiveCfg = Debug|Any CPU
		{6E9A7E6E-16DF-44B3-82D1-03B573055458}.Debug|Any CPU.Build.0 = Debug|Any CPU
		{6E9A7E6E-16DF-44B3-82D1-03B573055458}.Release|Any CPU.ActiveCfg = Release|Any CPU
		{6E9A7E6E-16DF-44B3-82D1-03B573055458}.Release|Any CPU.Build.0 = Release|Any CPU
		{40CBBE4F-9F00-4C28-9790-F40C50629B1E}.Debug|Any CPU.ActiveCfg = Debug|Any CPU
		{40CBBE4F-9F00-4C28-9790-F40C50629B1E}.Debug|Any CPU.Build.0 = Debug|Any CPU
		{40CBBE4F-9F00-4C28-9790-F40C50629B1E}.Release|Any CPU.ActiveCfg = Release|Any CPU
		{40CBBE4F-9F00-4C28-9790-F40C50629B1E}.Release|Any CPU.Build.0 = Release|Any CPU
		{E704AE4B-8F1A-451D-9623-B981B2695B7B}.Debug|Any CPU.ActiveCfg = Debug|Any CPU
		{E704AE4B-8F1A-451D-9623-B981B2695B7B}.Debug|Any CPU.Build.0 = Debug|Any CPU
		{E704AE4B-8F1A-451D-9623-B981B2695B7B}.Release|Any CPU.ActiveCfg = Release|Any CPU
		{E704AE4B-8F1A-451D-9623-B981B2695B7B}.Release|Any CPU.Build.0 = Release|Any CPU
		{F2C259D8-AB06-41A0-A81D-3B37E619439E}.Debug|Any CPU.ActiveCfg = Debug|Any CPU
		{F2C259D8-AB06-41A0-A81D-3B37E619439E}.Debug|Any CPU.Build.0 = Debug|Any CPU
		{F2C259D8-AB06-41A0-A81D-3B37E619439E}.Release|Any CPU.ActiveCfg = Release|Any CPU
		{F2C259D8-AB06-41A0-A81D-3B37E619439E}.Release|Any CPU.Build.0 = Release|Any CPU
		{F6CF85E8-6C8F-46B7-BEC4-FEF8BDE3E100}.Debug|Any CPU.ActiveCfg = Debug|Any CPU
		{F6CF85E8-6C8F-46B7-BEC4-FEF8BDE3E100}.Debug|Any CPU.Build.0 = Debug|Any CPU
		{F6CF85E8-6C8F-46B7-BEC4-FEF8BDE3E100}.Release|Any CPU.ActiveCfg = Release|Any CPU
		{F6CF85E8-6C8F-46B7-BEC4-FEF8BDE3E100}.Release|Any CPU.Build.0 = Release|Any CPU
		{AB67BE05-D9D3-4AFB-B0F6-E1E42E6845BD}.Debug|Any CPU.ActiveCfg = Debug|Any CPU
		{AB67BE05-D9D3-4AFB-B0F6-E1E42E6845BD}.Debug|Any CPU.Build.0 = Debug|Any CPU
		{AB67BE05-D9D3-4AFB-B0F6-E1E42E6845BD}.Release|Any CPU.ActiveCfg = Release|Any CPU
		{AB67BE05-D9D3-4AFB-B0F6-E1E42E6845BD}.Release|Any CPU.Build.0 = Release|Any CPU
		{DE7CA471-6902-4F93-A509-B7BAC1BABCA7}.Debug|Any CPU.ActiveCfg = Debug|Any CPU
		{DE7CA471-6902-4F93-A509-B7BAC1BABCA7}.Debug|Any CPU.Build.0 = Debug|Any CPU
		{DE7CA471-6902-4F93-A509-B7BAC1BABCA7}.Release|Any CPU.ActiveCfg = Release|Any CPU
		{DE7CA471-6902-4F93-A509-B7BAC1BABCA7}.Release|Any CPU.Build.0 = Release|Any CPU
		{277A9E55-94DF-40D6-9BBF-5AC724E30288}.Debug|Any CPU.ActiveCfg = Debug|Any CPU
		{277A9E55-94DF-40D6-9BBF-5AC724E30288}.Debug|Any CPU.Build.0 = Debug|Any CPU
		{277A9E55-94DF-40D6-9BBF-5AC724E30288}.Release|Any CPU.ActiveCfg = Release|Any CPU
		{277A9E55-94DF-40D6-9BBF-5AC724E30288}.Release|Any CPU.Build.0 = Release|Any CPU
		{842AB3AA-FAD1-45B5-9678-65EFB6065663}.Debug|Any CPU.ActiveCfg = Debug|Any CPU
		{842AB3AA-FAD1-45B5-9678-65EFB6065663}.Debug|Any CPU.Build.0 = Debug|Any CPU
		{842AB3AA-FAD1-45B5-9678-65EFB6065663}.Release|Any CPU.ActiveCfg = Release|Any CPU
		{842AB3AA-FAD1-45B5-9678-65EFB6065663}.Release|Any CPU.Build.0 = Release|Any CPU
		{FF60B0F7-55A3-4A17-9AB0-3C2D4254D759}.Debug|Any CPU.ActiveCfg = Debug|Any CPU
		{FF60B0F7-55A3-4A17-9AB0-3C2D4254D759}.Debug|Any CPU.Build.0 = Debug|Any CPU
		{FF60B0F7-55A3-4A17-9AB0-3C2D4254D759}.Release|Any CPU.ActiveCfg = Release|Any CPU
		{FF60B0F7-55A3-4A17-9AB0-3C2D4254D759}.Release|Any CPU.Build.0 = Release|Any CPU
		{340B2DED-BE27-4BB2-908E-7FD567059A01}.Debug|Any CPU.ActiveCfg = Debug|Any CPU
		{340B2DED-BE27-4BB2-908E-7FD567059A01}.Debug|Any CPU.Build.0 = Debug|Any CPU
		{340B2DED-BE27-4BB2-908E-7FD567059A01}.Release|Any CPU.ActiveCfg = Release|Any CPU
		{340B2DED-BE27-4BB2-908E-7FD567059A01}.Release|Any CPU.Build.0 = Release|Any CPU
		{8F225136-1C56-4E0F-A0F9-2F07B1E98F7D}.Debug|Any CPU.ActiveCfg = Debug|Any CPU
		{8F225136-1C56-4E0F-A0F9-2F07B1E98F7D}.Debug|Any CPU.Build.0 = Debug|Any CPU
		{8F225136-1C56-4E0F-A0F9-2F07B1E98F7D}.Release|Any CPU.ActiveCfg = Release|Any CPU
		{8F225136-1C56-4E0F-A0F9-2F07B1E98F7D}.Release|Any CPU.Build.0 = Release|Any CPU
		{E1B455E4-9E82-4839-B4EA-4A77CE49B4DC}.Debug|Any CPU.ActiveCfg = Debug|Any CPU
		{E1B455E4-9E82-4839-B4EA-4A77CE49B4DC}.Debug|Any CPU.Build.0 = Debug|Any CPU
		{E1B455E4-9E82-4839-B4EA-4A77CE49B4DC}.Release|Any CPU.ActiveCfg = Release|Any CPU
		{E1B455E4-9E82-4839-B4EA-4A77CE49B4DC}.Release|Any CPU.Build.0 = Release|Any CPU
		{4D5B3E91-2F67-43D4-A2F7-1CAB6E29D084}.Debug|Any CPU.ActiveCfg = Debug|Any CPU
		{4D5B3E91-2F67-43D4-A2F7-1CAB6E29D084}.Debug|Any CPU.Build.0 = Debug|Any CPU
		{4D5B3E91-2F67-43D4-A2F7-1CAB6E29D084}.Release|Any CPU.ActiveCfg = Release|Any CPU
		{4D5B3E91-2F67-43D4-A2F7-1CAB6E29D084}.Release|Any CPU.Build.0 = Release|Any CPU
		{D00A1590-F79D-4533-AB90-F80EF5C4A5C5}.Debug|Any CPU.ActiveCfg = Debug|Any CPU
		{D00A1590-F79D-4533-AB90-F80EF5C4A5C5}.Debug|Any CPU.Build.0 = Debug|Any CPU
		{D00A1590-F79D-4533-AB90-F80EF5C4A5C5}.Release|Any CPU.ActiveCfg = Release|Any CPU
		{D00A1590-F79D-4533-AB90-F80EF5C4A5C5}.Release|Any CPU.Build.0 = Release|Any CPU
		{018AC46D-8E66-45BF-BB47-4F4C7ADFF7FD}.Debug|Any CPU.ActiveCfg = Debug|Any CPU
		{018AC46D-8E66-45BF-BB47-4F4C7ADFF7FD}.Debug|Any CPU.Build.0 = Debug|Any CPU
		{018AC46D-8E66-45BF-BB47-4F4C7ADFF7FD}.Release|Any CPU.ActiveCfg = Release|Any CPU
		{018AC46D-8E66-45BF-BB47-4F4C7ADFF7FD}.Release|Any CPU.Build.0 = Release|Any CPU
		{650BBED8-2B29-47EC-B6F5-5A29DE22DC9C}.Debug|Any CPU.ActiveCfg = Debug|Any CPU
		{650BBED8-2B29-47EC-B6F5-5A29DE22DC9C}.Debug|Any CPU.Build.0 = Debug|Any CPU
		{650BBED8-2B29-47EC-B6F5-5A29DE22DC9C}.Release|Any CPU.ActiveCfg = Release|Any CPU
		{650BBED8-2B29-47EC-B6F5-5A29DE22DC9C}.Release|Any CPU.Build.0 = Release|Any CPU
		{7D063823-DE8D-47E1-BFA2-B1E2052D89CA}.Debug|Any CPU.ActiveCfg = Debug|Any CPU
		{7D063823-DE8D-47E1-BFA2-B1E2052D89CA}.Debug|Any CPU.Build.0 = Debug|Any CPU
		{7D063823-DE8D-47E1-BFA2-B1E2052D89CA}.Release|Any CPU.ActiveCfg = Release|Any CPU
		{7D063823-DE8D-47E1-BFA2-B1E2052D89CA}.Release|Any CPU.Build.0 = Release|Any CPU
		{356FA235-944A-402B-8847-DA452052FBDC}.Debug|Any CPU.ActiveCfg = Debug|Any CPU
		{356FA235-944A-402B-8847-DA452052FBDC}.Debug|Any CPU.Build.0 = Debug|Any CPU
		{356FA235-944A-402B-8847-DA452052FBDC}.Release|Any CPU.ActiveCfg = Release|Any CPU
		{356FA235-944A-402B-8847-DA452052FBDC}.Release|Any CPU.Build.0 = Release|Any CPU
		{7DBAEB02-73D0-41A5-8712-FEE0DE7133F9}.Debug|Any CPU.ActiveCfg = Debug|Any CPU
		{7DBAEB02-73D0-41A5-8712-FEE0DE7133F9}.Debug|Any CPU.Build.0 = Debug|Any CPU
		{7DBAEB02-73D0-41A5-8712-FEE0DE7133F9}.Release|Any CPU.ActiveCfg = Release|Any CPU
		{7DBAEB02-73D0-41A5-8712-FEE0DE7133F9}.Release|Any CPU.Build.0 = Release|Any CPU
		{2D661868-56E2-493D-9FCF-031225380290}.Debug|Any CPU.ActiveCfg = Debug|Any CPU
		{2D661868-56E2-493D-9FCF-031225380290}.Debug|Any CPU.Build.0 = Debug|Any CPU
		{2D661868-56E2-493D-9FCF-031225380290}.Release|Any CPU.ActiveCfg = Release|Any CPU
		{2D661868-56E2-493D-9FCF-031225380290}.Release|Any CPU.Build.0 = Release|Any CPU
		{A48DC0CF-35A2-4F4D-B415-01386CC73F54}.Debug|Any CPU.ActiveCfg = Debug|Any CPU
		{A48DC0CF-35A2-4F4D-B415-01386CC73F54}.Debug|Any CPU.Build.0 = Debug|Any CPU
		{A48DC0CF-35A2-4F4D-B415-01386CC73F54}.Release|Any CPU.ActiveCfg = Release|Any CPU
		{A48DC0CF-35A2-4F4D-B415-01386CC73F54}.Release|Any CPU.Build.0 = Release|Any CPU
	EndGlobalSection
	GlobalSection(SolutionProperties) = preSolution
		HideSolutionNode = FALSE
	EndGlobalSection
	GlobalSection(NestedProjects) = preSolution
		{386B7924-EEEF-4AB0-AFC0-F3F5560BF30A} = {21A47690-E020-4CBE-874D-899514B93831}
		{C39B3FBD-E594-4264-ACE6-C07BFBB69419} = {21A47690-E020-4CBE-874D-899514B93831}
		{0F113018-2968-49B6-B11F-80B3ECE0F874} = {21A47690-E020-4CBE-874D-899514B93831}
		{6A0BA798-5F47-4556-B2A2-548BAF08E44A} = {89D41EBD-6D55-4F51-BEFF-145DA61B11C0}
		{864218AC-C5F4-4514-BE2E-B38714F7F1FD} = {89D41EBD-6D55-4F51-BEFF-145DA61B11C0}
		{1794A3CE-A6C2-4B6B-9E83-F4ACCE676726} = {89D41EBD-6D55-4F51-BEFF-145DA61B11C0}
		{F3AC34BE-CFD4-4579-81F0-56236E9EA493} = {89D41EBD-6D55-4F51-BEFF-145DA61B11C0}
		{6E9A7E6E-16DF-44B3-82D1-03B573055458} = {C2E1537F-753F-4D3D-825D-B3B1E86EC15B}
		{40CBBE4F-9F00-4C28-9790-F40C50629B1E} = {C2E1537F-753F-4D3D-825D-B3B1E86EC15B}
		{E704AE4B-8F1A-451D-9623-B981B2695B7B} = {C2E1537F-753F-4D3D-825D-B3B1E86EC15B}
		{F2C259D8-AB06-41A0-A81D-3B37E619439E} = {C2E1537F-753F-4D3D-825D-B3B1E86EC15B}
		{F6CF85E8-6C8F-46B7-BEC4-FEF8BDE3E100} = {C2E1537F-753F-4D3D-825D-B3B1E86EC15B}
		{AB67BE05-D9D3-4AFB-B0F6-E1E42E6845BD} = {C2E1537F-753F-4D3D-825D-B3B1E86EC15B}
		{DE7CA471-6902-4F93-A509-B7BAC1BABCA7} = {C2E1537F-753F-4D3D-825D-B3B1E86EC15B}
		{277A9E55-94DF-40D6-9BBF-5AC724E30288} = {C2E1537F-753F-4D3D-825D-B3B1E86EC15B}
		{842AB3AA-FAD1-45B5-9678-65EFB6065663} = {C2E1537F-753F-4D3D-825D-B3B1E86EC15B}
		{FF60B0F7-55A3-4A17-9AB0-3C2D4254D759} = {89D41EBD-6D55-4F51-BEFF-145DA61B11C0}
		{340B2DED-BE27-4BB2-908E-7FD567059A01} = {6BD7B28D-F608-41B9-9181-D075371A03AE}
		{8F225136-1C56-4E0F-A0F9-2F07B1E98F7D} = {6BD7B28D-F608-41B9-9181-D075371A03AE}
		{E1B455E4-9E82-4839-B4EA-4A77CE49B4DC} = {6BD7B28D-F608-41B9-9181-D075371A03AE}
		{4D5B3E91-2F67-43D4-A2F7-1CAB6E29D084} = {6BD7B28D-F608-41B9-9181-D075371A03AE}
		{D00A1590-F79D-4533-AB90-F80EF5C4A5C5} = {6BD7B28D-F608-41B9-9181-D075371A03AE}
		{018AC46D-8E66-45BF-BB47-4F4C7ADFF7FD} = {6BD7B28D-F608-41B9-9181-D075371A03AE}
		{650BBED8-2B29-47EC-B6F5-5A29DE22DC9C} = {6BD7B28D-F608-41B9-9181-D075371A03AE}
		{7D063823-DE8D-47E1-BFA2-B1E2052D89CA} = {6BD7B28D-F608-41B9-9181-D075371A03AE}
		{356FA235-944A-402B-8847-DA452052FBDC} = {6BD7B28D-F608-41B9-9181-D075371A03AE}
		{7DBAEB02-73D0-41A5-8712-FEE0DE7133F9} = {A4CAC554-7121-4E7E-B991-0AD296E409DB}
		{2D661868-56E2-493D-9FCF-031225380290} = {A4CAC554-7121-4E7E-B991-0AD296E409DB}
		{A48DC0CF-35A2-4F4D-B415-01386CC73F54} = {A4CAC554-7121-4E7E-B991-0AD296E409DB}
	EndGlobalSection
	GlobalSection(ExtensibilityGlobals) = postSolution
		SolutionGuid = {BC1AAF87-0C90-4FC0-88E2-732C9417AB94}
	EndGlobalSection
EndGlobal
